// !$*UTF8*$!
{
	archiveVersion = 1;
	classes = {
	};
	objectVersion = 50;
	objects = {

/* Begin PBXBuildFile section */
		032998A7244DFD1A00E9730B /* AppDelegate.swift in Sources */ = {isa = PBXBuildFile; fileRef = 032998A6244DFD1A00E9730B /* AppDelegate.swift */; };
		032998A9244DFD1A00E9730B /* SceneDelegate.swift in Sources */ = {isa = PBXBuildFile; fileRef = 032998A8244DFD1A00E9730B /* SceneDelegate.swift */; };
		032998AE244DFD1A00E9730B /* Main.storyboard in Resources */ = {isa = PBXBuildFile; fileRef = 032998AC244DFD1A00E9730B /* Main.storyboard */; };
		032998B0244DFD1B00E9730B /* Assets.xcassets in Resources */ = {isa = PBXBuildFile; fileRef = 032998AF244DFD1B00E9730B /* Assets.xcassets */; };
		032998B3244DFD1B00E9730B /* LaunchScreen.storyboard in Resources */ = {isa = PBXBuildFile; fileRef = 032998B1244DFD1B00E9730B /* LaunchScreen.storyboard */; };
		032998C2244DFD9500E9730B /* TimeListViewController.swift in Sources */ = {isa = PBXBuildFile; fileRef = 032998BA244DFD9500E9730B /* TimeListViewController.swift */; };
		032998C3244DFD9500E9730B /* TimeListViewController.xib in Resources */ = {isa = PBXBuildFile; fileRef = 032998BB244DFD9500E9730B /* TimeListViewController.xib */; };
		032998C4244DFD9500E9730B /* TimeListTableViewCell.swift in Sources */ = {isa = PBXBuildFile; fileRef = 032998BC244DFD9500E9730B /* TimeListTableViewCell.swift */; };
		032998C5244DFD9500E9730B /* State.swift in Sources */ = {isa = PBXBuildFile; fileRef = 032998BD244DFD9500E9730B /* State.swift */; };
		032998C6244DFD9500E9730B /* LaunchViewController.swift in Sources */ = {isa = PBXBuildFile; fileRef = 032998BE244DFD9500E9730B /* LaunchViewController.swift */; };
		032998C7244DFD9500E9730B /* AddTimeZoneViewController.xib in Resources */ = {isa = PBXBuildFile; fileRef = 032998BF244DFD9500E9730B /* AddTimeZoneViewController.xib */; };
		032998C8244DFD9500E9730B /* AddTimeZoneViewController.swift in Sources */ = {isa = PBXBuildFile; fileRef = 032998C0244DFD9500E9730B /* AddTimeZoneViewController.swift */; };
		032998C9244DFD9500E9730B /* TimeListTableViewCell.xib in Resources */ = {isa = PBXBuildFile; fileRef = 032998C1244DFD9500E9730B /* TimeListTableViewCell.xib */; };
		032998CD244DFD9C00E9730B /* NotifyingStore.swift in Sources */ = {isa = PBXBuildFile; fileRef = 032998CB244DFD9C00E9730B /* NotifyingStore.swift */; };
		032998CE244DFD9C00E9730B /* Utilities.swift in Sources */ = {isa = PBXBuildFile; fileRef = 032998CC244DFD9C00E9730B /* Utilities.swift */; };
/* End PBXBuildFile section */

/* Begin PBXFileReference section */
		032998A3244DFD1A00E9730B /* StatePreservation Example.app */ = {isa = PBXFileReference; explicitFileType = wrapper.application; includeInIndex = 0; path = "StatePreservation Example.app"; sourceTree = BUILT_PRODUCTS_DIR; };
		032998A6244DFD1A00E9730B /* AppDelegate.swift */ = {isa = PBXFileReference; lastKnownFileType = sourcecode.swift; path = AppDelegate.swift; sourceTree = "<group>"; };
		032998A8244DFD1A00E9730B /* SceneDelegate.swift */ = {isa = PBXFileReference; lastKnownFileType = sourcecode.swift; path = SceneDelegate.swift; sourceTree = "<group>"; };
		032998AD244DFD1A00E9730B /* Base */ = {isa = PBXFileReference; lastKnownFileType = file.storyboard; name = Base; path = Base.lproj/Main.storyboard; sourceTree = "<group>"; };
		032998AF244DFD1B00E9730B /* Assets.xcassets */ = {isa = PBXFileReference; lastKnownFileType = folder.assetcatalog; path = Assets.xcassets; sourceTree = "<group>"; };
		032998B2244DFD1B00E9730B /* Base */ = {isa = PBXFileReference; lastKnownFileType = file.storyboard; name = Base; path = Base.lproj/LaunchScreen.storyboard; sourceTree = "<group>"; };
		032998B4244DFD1B00E9730B /* Info.plist */ = {isa = PBXFileReference; lastKnownFileType = text.plist.xml; path = Info.plist; sourceTree = "<group>"; };
		032998BA244DFD9500E9730B /* TimeListViewController.swift */ = {isa = PBXFileReference; fileEncoding = 4; lastKnownFileType = sourcecode.swift; path = TimeListViewController.swift; sourceTree = "<group>"; };
		032998BB244DFD9500E9730B /* TimeListViewController.xib */ = {isa = PBXFileReference; fileEncoding = 4; lastKnownFileType = file.xib; path = TimeListViewController.xib; sourceTree = "<group>"; };
		032998BC244DFD9500E9730B /* TimeListTableViewCell.swift */ = {isa = PBXFileReference; fileEncoding = 4; lastKnownFileType = sourcecode.swift; path = TimeListTableViewCell.swift; sourceTree = "<group>"; };
		032998BD244DFD9500E9730B /* State.swift */ = {isa = PBXFileReference; fileEncoding = 4; lastKnownFileType = sourcecode.swift; path = State.swift; sourceTree = "<group>"; };
		032998BE244DFD9500E9730B /* LaunchViewController.swift */ = {isa = PBXFileReference; fileEncoding = 4; lastKnownFileType = sourcecode.swift; path = LaunchViewController.swift; sourceTree = "<group>"; };
		032998BF244DFD9500E9730B /* AddTimeZoneViewController.xib */ = {isa = PBXFileReference; fileEncoding = 4; lastKnownFileType = file.xib; path = AddTimeZoneViewController.xib; sourceTree = "<group>"; };
		032998C0244DFD9500E9730B /* AddTimeZoneViewController.swift */ = {isa = PBXFileReference; fileEncoding = 4; lastKnownFileType = sourcecode.swift; path = AddTimeZoneViewController.swift; sourceTree = "<group>"; };
		032998C1244DFD9500E9730B /* TimeListTableViewCell.xib */ = {isa = PBXFileReference; fileEncoding = 4; lastKnownFileType = file.xib; path = TimeListTableViewCell.xib; sourceTree = "<group>"; };
		032998CB244DFD9C00E9730B /* NotifyingStore.swift */ = {isa = PBXFileReference; fileEncoding = 4; lastKnownFileType = sourcecode.swift; path = NotifyingStore.swift; sourceTree = "<group>"; };
		032998CC244DFD9C00E9730B /* Utilities.swift */ = {isa = PBXFileReference; fileEncoding = 4; lastKnownFileType = sourcecode.swift; path = Utilities.swift; sourceTree = "<group>"; };
/* End PBXFileReference section */

/* Begin PBXFrameworksBuildPhase section */
		032998A0244DFD1A00E9730B /* Frameworks */ = {
			isa = PBXFrameworksBuildPhase;
			buildActionMask = 2147483647;
			files = (
			);
			runOnlyForDeploymentPostprocessing = 0;
		};
/* End PBXFrameworksBuildPhase section */

/* Begin PBXGroup section */
		0329989A244DFD1A00E9730B = {
			isa = PBXGroup;
			children = (
				032998A5244DFD1A00E9730B /* StatePreservation Example */,
				032998A4244DFD1A00E9730B /* Products */,
			);
			sourceTree = "<group>";
		};
		032998A4244DFD1A00E9730B /* Products */ = {
			isa = PBXGroup;
			children = (
				032998A3244DFD1A00E9730B /* StatePreservation Example.app */,
			);
			name = Products;
			sourceTree = "<group>";
		};
		032998A5244DFD1A00E9730B /* StatePreservation Example */ = {
			isa = PBXGroup;
			children = (
				032998A6244DFD1A00E9730B /* AppDelegate.swift */,
				032998BD244DFD9500E9730B /* State.swift */,
				032998BE244DFD9500E9730B /* LaunchViewController.swift */,
				032998BA244DFD9500E9730B /* TimeListViewController.swift */,
				032998BB244DFD9500E9730B /* TimeListViewController.xib */,
				032998BC244DFD9500E9730B /* TimeListTableViewCell.swift */,
				032998C1244DFD9500E9730B /* TimeListTableViewCell.xib */,
				032998C0244DFD9500E9730B /* AddTimeZoneViewController.swift */,
				032998BF244DFD9500E9730B /* AddTimeZoneViewController.xib */,
				032998A8244DFD1A00E9730B /* SceneDelegate.swift */,
				032998CA244DFD9C00E9730B /* Utilities */,
				032998AC244DFD1A00E9730B /* Main.storyboard */,
				032998AF244DFD1B00E9730B /* Assets.xcassets */,
				032998B1244DFD1B00E9730B /* LaunchScreen.storyboard */,
				032998B4244DFD1B00E9730B /* Info.plist */,
			);
			path = "StatePreservation Example";
			sourceTree = "<group>";
		};
		032998CA244DFD9C00E9730B /* Utilities */ = {
			isa = PBXGroup;
			children = (
				032998CB244DFD9C00E9730B /* NotifyingStore.swift */,
				032998CC244DFD9C00E9730B /* Utilities.swift */,
			);
			path = Utilities;
			sourceTree = "<group>";
		};
/* End PBXGroup section */

/* Begin PBXNativeTarget section */
		032998A2244DFD1A00E9730B /* StatePreservation Example */ = {
			isa = PBXNativeTarget;
			buildConfigurationList = 032998B7244DFD1B00E9730B /* Build configuration list for PBXNativeTarget "StatePreservation Example" */;
			buildPhases = (
				0329989F244DFD1A00E9730B /* Sources */,
				032998A0244DFD1A00E9730B /* Frameworks */,
				032998A1244DFD1A00E9730B /* Resources */,
			);
			buildRules = (
			);
			dependencies = (
			);
			name = "StatePreservation Example";
			productName = "StatePreservation Example";
			productReference = 032998A3244DFD1A00E9730B /* StatePreservation Example.app */;
			productType = "com.apple.product-type.application";
		};
/* End PBXNativeTarget section */

/* Begin PBXProject section */
		0329989B244DFD1A00E9730B /* Project object */ = {
			isa = PBXProject;
			attributes = {
				LastSwiftUpdateCheck = 1140;
				LastUpgradeCheck = 1140;
				ORGANIZATIONNAME = com.dynamo;
				TargetAttributes = {
					032998A2244DFD1A00E9730B = {
						CreatedOnToolsVersion = 11.4.1;
					};
				};
			};
			buildConfigurationList = 0329989E244DFD1A00E9730B /* Build configuration list for PBXProject "StatePreservation Example" */;
			compatibilityVersion = "Xcode 9.3";
			developmentRegion = en;
			hasScannedForEncodings = 0;
			knownRegions = (
				en,
				Base,
			);
			mainGroup = 0329989A244DFD1A00E9730B;
			productRefGroup = 032998A4244DFD1A00E9730B /* Products */;
			projectDirPath = "";
			projectRoot = "";
			targets = (
				032998A2244DFD1A00E9730B /* StatePreservation Example */,
			);
		};
/* End PBXProject section */

/* Begin PBXResourcesBuildPhase section */
		032998A1244DFD1A00E9730B /* Resources */ = {
			isa = PBXResourcesBuildPhase;
			buildActionMask = 2147483647;
			files = (
				032998C9244DFD9500E9730B /* TimeListTableViewCell.xib in Resources */,
				032998C7244DFD9500E9730B /* AddTimeZoneViewController.xib in Resources */,
				032998B3244DFD1B00E9730B /* LaunchScreen.storyboard in Resources */,
				032998C3244DFD9500E9730B /* TimeListViewController.xib in Resources */,
				032998B0244DFD1B00E9730B /* Assets.xcassets in Resources */,
				032998AE244DFD1A00E9730B /* Main.storyboard in Resources */,
			);
			runOnlyForDeploymentPostprocessing = 0;
		};
/* End PBXResourcesBuildPhase section */

/* Begin PBXSourcesBuildPhase section */
		0329989F244DFD1A00E9730B /* Sources */ = {
			isa = PBXSourcesBuildPhase;
			buildActionMask = 2147483647;
			files = (
				032998CD244DFD9C00E9730B /* NotifyingStore.swift in Sources */,
				032998C4244DFD9500E9730B /* TimeListTableViewCell.swift in Sources */,
				032998C5244DFD9500E9730B /* State.swift in Sources */,
				032998C2244DFD9500E9730B /* TimeListViewController.swift in Sources */,
				032998A7244DFD1A00E9730B /* AppDelegate.swift in Sources */,
				032998C8244DFD9500E9730B /* AddTimeZoneViewController.swift in Sources */,
				032998C6244DFD9500E9730B /* LaunchViewController.swift in Sources */,
				032998CE244DFD9C00E9730B /* Utilities.swift in Sources */,
				032998A9244DFD1A00E9730B /* SceneDelegate.swift in Sources */,
			);
			runOnlyForDeploymentPostprocessing = 0;
		};
/* End PBXSourcesBuildPhase section */

/* Begin PBXVariantGroup section */
		032998AC244DFD1A00E9730B /* Main.storyboard */ = {
			isa = PBXVariantGroup;
			children = (
				032998AD244DFD1A00E9730B /* Base */,
			);
			name = Main.storyboard;
			sourceTree = "<group>";
		};
		032998B1244DFD1B00E9730B /* LaunchScreen.storyboard */ = {
			isa = PBXVariantGroup;
			children = (
				032998B2244DFD1B00E9730B /* Base */,
			);
			name = LaunchScreen.storyboard;
			sourceTree = "<group>";
		};
/* End PBXVariantGroup section */

/* Begin XCBuildConfiguration section */
		032998B5244DFD1B00E9730B /* Debug */ = {
			isa = XCBuildConfiguration;
			buildSettings = {
				ALWAYS_SEARCH_USER_PATHS = NO;
				CLANG_ANALYZER_NONNULL = YES;
				CLANG_ANALYZER_NUMBER_OBJECT_CONVERSION = YES_AGGRESSIVE;
				CLANG_CXX_LANGUAGE_STANDARD = "gnu++14";
				CLANG_CXX_LIBRARY = "libc++";
				CLANG_ENABLE_MODULES = YES;
				CLANG_ENABLE_OBJC_ARC = YES;
				CLANG_ENABLE_OBJC_WEAK = YES;
				CLANG_WARN_BLOCK_CAPTURE_AUTORELEASING = YES;
				CLANG_WARN_BOOL_CONVERSION = YES;
				CLANG_WARN_COMMA = YES;
				CLANG_WARN_CONSTANT_CONVERSION = YES;
				CLANG_WARN_DEPRECATED_OBJC_IMPLEMENTATIONS = YES;
				CLANG_WARN_DIRECT_OBJC_ISA_USAGE = YES_ERROR;
				CLANG_WARN_DOCUMENTATION_COMMENTS = YES;
				CLANG_WARN_EMPTY_BODY = YES;
				CLANG_WARN_ENUM_CONVERSION = YES;
				CLANG_WARN_INFINITE_RECURSION = YES;
				CLANG_WARN_INT_CONVERSION = YES;
				CLANG_WARN_NON_LITERAL_NULL_CONVERSION = YES;
				CLANG_WARN_OBJC_IMPLICIT_RETAIN_SELF = YES;
				CLANG_WARN_OBJC_LITERAL_CONVERSION = YES;
				CLANG_WARN_OBJC_ROOT_CLASS = YES_ERROR;
				CLANG_WARN_RANGE_LOOP_ANALYSIS = YES;
				CLANG_WARN_STRICT_PROTOTYPES = YES;
				CLANG_WARN_SUSPICIOUS_MOVE = YES;
				CLANG_WARN_UNGUARDED_AVAILABILITY = YES_AGGRESSIVE;
				CLANG_WARN_UNREACHABLE_CODE = YES;
				CLANG_WARN__DUPLICATE_METHOD_MATCH = YES;
				COPY_PHASE_STRIP = NO;
				DEBUG_INFORMATION_FORMAT = dwarf;
				ENABLE_STRICT_OBJC_MSGSEND = YES;
				ENABLE_TESTABILITY = YES;
				GCC_C_LANGUAGE_STANDARD = gnu11;
				GCC_DYNAMIC_NO_PIC = NO;
				GCC_NO_COMMON_BLOCKS = YES;
				GCC_OPTIMIZATION_LEVEL = 0;
				GCC_PREPROCESSOR_DEFINITIONS = (
					"DEBUG=1",
					"$(inherited)",
				);
				GCC_WARN_64_TO_32_BIT_CONVERSION = YES;
				GCC_WARN_ABOUT_RETURN_TYPE = YES_ERROR;
				GCC_WARN_UNDECLARED_SELECTOR = YES;
				GCC_WARN_UNINITIALIZED_AUTOS = YES_AGGRESSIVE;
				GCC_WARN_UNUSED_FUNCTION = YES;
				GCC_WARN_UNUSED_VARIABLE = YES;
				IPHONEOS_DEPLOYMENT_TARGET = 13.4;
				MTL_ENABLE_DEBUG_INFO = INCLUDE_SOURCE;
				MTL_FAST_MATH = YES;
				ONLY_ACTIVE_ARCH = YES;
				SDKROOT = iphoneos;
				SWIFT_ACTIVE_COMPILATION_CONDITIONS = DEBUG;
				SWIFT_OPTIMIZATION_LEVEL = "-Onone";
			};
			name = Debug;
		};
		032998B6244DFD1B00E9730B /* Release */ = {
			isa = XCBuildConfiguration;
			buildSettings = {
				ALWAYS_SEARCH_USER_PATHS = NO;
				CLANG_ANALYZER_NONNULL = YES;
				CLANG_ANALYZER_NUMBER_OBJECT_CONVERSION = YES_AGGRESSIVE;
				CLANG_CXX_LANGUAGE_STANDARD = "gnu++14";
				CLANG_CXX_LIBRARY = "libc++";
				CLANG_ENABLE_MODULES = YES;
				CLANG_ENABLE_OBJC_ARC = YES;
				CLANG_ENABLE_OBJC_WEAK = YES;
				CLANG_WARN_BLOCK_CAPTURE_AUTORELEASING = YES;
				CLANG_WARN_BOOL_CONVERSION = YES;
				CLANG_WARN_COMMA = YES;
				CLANG_WARN_CONSTANT_CONVERSION = YES;
				CLANG_WARN_DEPRECATED_OBJC_IMPLEMENTATIONS = YES;
				CLANG_WARN_DIRECT_OBJC_ISA_USAGE = YES_ERROR;
				CLANG_WARN_DOCUMENTATION_COMMENTS = YES;
				CLANG_WARN_EMPTY_BODY = YES;
				CLANG_WARN_ENUM_CONVERSION = YES;
				CLANG_WARN_INFINITE_RECURSION = YES;
				CLANG_WARN_INT_CONVERSION = YES;
				CLANG_WARN_NON_LITERAL_NULL_CONVERSION = YES;
				CLANG_WARN_OBJC_IMPLICIT_RETAIN_SELF = YES;
				CLANG_WARN_OBJC_LITERAL_CONVERSION = YES;
				CLANG_WARN_OBJC_ROOT_CLASS = YES_ERROR;
				CLANG_WARN_RANGE_LOOP_ANALYSIS = YES;
				CLANG_WARN_STRICT_PROTOTYPES = YES;
				CLANG_WARN_SUSPICIOUS_MOVE = YES;
				CLANG_WARN_UNGUARDED_AVAILABILITY = YES_AGGRESSIVE;
				CLANG_WARN_UNREACHABLE_CODE = YES;
				CLANG_WARN__DUPLICATE_METHOD_MATCH = YES;
				COPY_PHASE_STRIP = NO;
				DEBUG_INFORMATION_FORMAT = "dwarf-with-dsym";
				ENABLE_NS_ASSERTIONS = NO;
				ENABLE_STRICT_OBJC_MSGSEND = YES;
				GCC_C_LANGUAGE_STANDARD = gnu11;
				GCC_NO_COMMON_BLOCKS = YES;
				GCC_WARN_64_TO_32_BIT_CONVERSION = YES;
				GCC_WARN_ABOUT_RETURN_TYPE = YES_ERROR;
				GCC_WARN_UNDECLARED_SELECTOR = YES;
				GCC_WARN_UNINITIALIZED_AUTOS = YES_AGGRESSIVE;
				GCC_WARN_UNUSED_FUNCTION = YES;
				GCC_WARN_UNUSED_VARIABLE = YES;
				IPHONEOS_DEPLOYMENT_TARGET = 13.4;
				MTL_ENABLE_DEBUG_INFO = NO;
				MTL_FAST_MATH = YES;
				SDKROOT = iphoneos;
				SWIFT_COMPILATION_MODE = wholemodule;
				SWIFT_OPTIMIZATION_LEVEL = "-O";
				VALIDATE_PRODUCT = YES;
			};
			name = Release;
		};
		032998B8244DFD1B00E9730B /* Debug */ = {
			isa = XCBuildConfiguration;
			buildSettings = {
				ASSETCATALOG_COMPILER_APPICON_NAME = AppIcon;
				CODE_SIGN_STYLE = Automatic;
				DEVELOPMENT_TEAM = P4KHK354DV;
				INFOPLIST_FILE = "StatePreservation Example/Info.plist";
				LD_RUNPATH_SEARCH_PATHS = (
					"$(inherited)",
					"@executable_path/Frameworks",
				);
				PRODUCT_BUNDLE_IDENTIFIER = "com.dynamo.StatePreservation-Example";
				PRODUCT_NAME = "$(TARGET_NAME)";
				SWIFT_VERSION = 5.0;
				TARGETED_DEVICE_FAMILY = "1,2";
			};
			name = Debug;
		};
		032998B9244DFD1B00E9730B /* Release */ = {
			isa = XCBuildConfiguration;
			buildSettings = {
				ASSETCATALOG_COMPILER_APPICON_NAME = AppIcon;
				CODE_SIGN_STYLE = Automatic;
				DEVELOPMENT_TEAM = P4KHK354DV;
				INFOPLIST_FILE = "StatePreservation Example/Info.plist";
				LD_RUNPATH_SEARCH_PATHS = (
					"$(inherited)",
					"@executable_path/Frameworks",
				);
				PRODUCT_BUNDLE_IDENTIFIER = "com.dynamo.StatePreservation-Example";
				PRODUCT_NAME = "$(TARGET_NAME)";
				SWIFT_VERSION = 5.0;
				TARGETED_DEVICE_FAMILY = "1,2";
			};
			name = Release;
		};
/* End XCBuildConfiguration section */

/* Begin XCConfigurationList section */
		0329989E244DFD1A00E9730B /* Build configuration list for PBXProject "StatePreservation Example" */ = {
			isa = XCConfigurationList;
			buildConfigurations = (
				032998B5244DFD1B00E9730B /* Debug */,
				032998B6244DFD1B00E9730B /* Release */,
			);
			defaultConfigurationIsVisible = 0;
			defaultConfigurationName = Release;
		};
		032998B7244DFD1B00E9730B /* Build configuration list for PBXNativeTarget "StatePreservation Example" */ = {
			isa = XCConfigurationList;
			buildConfigurations = (
				032998B8244DFD1B00E9730B /* Debug */,
				032998B9244DFD1B00E9730B /* Release */,
			);
			defaultConfigurationIsVisible = 0;
			defaultConfigurationName = Release;
		};
/* End XCConfigurationList section */
	};
	rootObject = 0329989B244DFD1A00E9730B /* Project object */;
}
